
Microsoft Visual Studio Solution File, Format Version 12.00
# Visual Studio Version 17
VisualStudioVersion = 17.1.32228.430
MinimumVisualStudioVersion = 10.0.40219.1
Project("{F184B08F-C81C-45F6-A57F-5ABD9991F28F}") = "WebdeskDermavita", "WebdeskUnis\WebdeskDermavita.vbproj", "{37C211DE-13CC-4098-9C5D-60F88556651E}"
EndProject
Global
	GlobalSection(SolutionConfigurationPlatforms) = preSolution
		Debug|Any CPU = Debug|Any CPU
		Release|Any CPU = Release|Any CPU
	EndGlobalSection
	GlobalSection(ProjectConfigurationPlatforms) = postSolution
		{37C211DE-13CC-4098-9C5D-60F88556651E}.Debug|Any CPU.ActiveCfg = Debug|Any CPU
		{37C211DE-13CC-4098-9C5D-60F88556651E}.Debug|Any CPU.Build.0 = Debug|Any CPU
		{37C211DE-13CC-4098-9C5D-60F88556651E}.Release|Any CPU.ActiveCfg = Release|Any CPU
		{37C211DE-13CC-4098-9C5D-60F88556651E}.Release|Any CPU.Build.0 = Release|Any CPU
	EndGlobalSection
	GlobalSection(SolutionProperties) = preSolution
		HideSolutionNode = FALSE
	EndGlobalSection
	GlobalSection(ExtensibilityGlobals) = postSolution
		SolutionGuid = {81917C12-6ED4-4DFE-BBA8-CC27E93B72A0}
	EndGlobalSection
EndGlobal
